
Microsoft Visual Studio Solution File, Format Version 12.00
# Visual Studio Version 16
VisualStudioVersion = 16.0.31105.61
MinimumVisualStudioVersion = 10.0.40219.1
Project("{FAE04EC0-301F-11D3-BF4B-00C04F79EFBC}") = "delegateForm", "delegateForm\delegateForm.csproj", "{DFC18A95-9328-4B72-9CE2-83BD5167FD20}"
EndProject
Global
	GlobalSection(SolutionConfigurationPlatforms) = preSolution
		Debug|Any CPU = Debug|Any CPU
		Release|Any CPU = Release|Any CPU
	EndGlobalSection
	GlobalSection(ProjectConfigurationPlatforms) = postSolution
		{DFC18A95-9328-4B72-9CE2-83BD5167FD20}.Debug|Any CPU.ActiveCfg = Debug|Any CPU
		{DFC18A95-9328-4B72-9CE2-83BD5167FD20}.Debug|Any CPU.Build.0 = Debug|Any CPU
		{DFC18A95-9328-4B72-9CE2-83BD5167FD20}.Release|Any CPU.ActiveCfg = Release|Any CPU
		{DFC18A95-9328-4B72-9CE2-83BD5167FD20}.Release|Any CPU.Build.0 = Release|Any CPU
	EndGlobalSection
	GlobalSection(SolutionProperties) = preSolution
		HideSolutionNode = FALSE
	EndGlobalSection
	GlobalSection(ExtensibilityGlobals) = postSolution
		SolutionGuid = {2D017E45-D23E-4232-AB28-2BD6701ACE4E}
	EndGlobalSection
EndGlobal
